
Microsoft Visual Studio Solution File, Format Version 12.00
# Visual Studio Version 17
VisualStudioVersion = 17.9.34728.123
MinimumVisualStudioVersion = 10.0.40219.1
Project("{9A19103F-16F7-4668-BE54-9A1E7A4F7556}") = "WeatherForecasterAPI", "WeatherForecasterAPI\WeatherForecasterAPI.csproj", "{B202F503-0E5C-4739-847F-F5704C352998}"
EndProject
Global
	GlobalSection(SolutionConfigurationPlatforms) = preSolution
		Debug|Any CPU = Debug|Any CPU
		Release|Any CPU = Release|Any CPU
	EndGlobalSection
	GlobalSection(ProjectConfigurationPlatforms) = postSolution
		{B202F503-0E5C-4739-847F-F5704C352998}.Debug|Any CPU.ActiveCfg = Debug|Any CPU
		{B202F503-0E5C-4739-847F-F5704C352998}.Debug|Any CPU.Build.0 = Debug|Any CPU
		{B202F503-0E5C-4739-847F-F5704C352998}.Release|Any CPU.ActiveCfg = Release|Any CPU
		{B202F503-0E5C-4739-847F-F5704C352998}.Release|Any CPU.Build.0 = Release|Any CPU
	EndGlobalSection
	GlobalSection(SolutionProperties) = preSolution
		HideSolutionNode = FALSE
	EndGlobalSection
	GlobalSection(ExtensibilityGlobals) = postSolution
		SolutionGuid = {3E00A729-6F30-49E7-AC28-178C66385733}
	EndGlobalSection
EndGlobal
